# THIS IS AN AUTOGENERATED FILE. DO NOT EDIT THIS FILE DIRECTLY.
# yarn lockfile v1


any-promise@^1.1.0:
  version "1.3.0"
  resolved "https://registry.yarnpkg.com/any-promise/-/any-promise-1.3.0.tgz#abc6afeedcea52e809cdc0376aed3ce39635d17f"

asap@~2.0.3:
  version "2.0.5"
  resolved "https://registry.yarnpkg.com/asap/-/asap-2.0.5.tgz#522765b50c3510490e52d7dcfe085ef9ba96958f"

core-js@^1.0.0:
  version "1.2.7"
  resolved "https://registry.yarnpkg.com/core-js/-/core-js-1.2.7.tgz#652294c14651db28fa93bd2d5ff2983a4f08c636"

debug@*:
  version "2.6.0"
  resolved "https://registry.yarnpkg.com/debug/-/debug-2.6.0.tgz#bc596bcabe7617f11d9fa15361eded5608b8499b"
  dependencies:
    ms "0.7.2"

deep-equal@1.0.1:
  version "1.0.1"
  resolved "https://registry.yarnpkg.com/deep-equal/-/deep-equal-1.0.1.tgz#f5d260292b660e084eff4cdbc9f08ad3247448b5"

fbjs@0.1.0-alpha.10:
  version "0.1.0-alpha.10"
  resolved "https://registry.yarnpkg.com/fbjs/-/fbjs-0.1.0-alpha.10.tgz#46e457c09cbefb51fc752a3e030e7b67fcc384c8"
  dependencies:
    core-js "^1.0.0"
    promise "^7.0.3"
    whatwg-fetch "^0.9.0"

koa-compose@^3.0.0:
  version "3.2.1"
  resolved "https://registry.yarnpkg.com/koa-compose/-/koa-compose-3.2.1.tgz#a85ccb40b7d986d8e5a345b3a1ace8eabcf54de7"
  dependencies:
    any-promise "^1.1.0"

koa-mount@next:
  version "2.0.0"
  resolved "https://registry.yarnpkg.com/koa-mount/-/koa-mount-2.0.0.tgz#728b7d01ab23e7e58dc588e52fc554d67ee981db"
  dependencies:
    debug "*"
    koa-compose "^3.0.0"

ms@0.7.2:
  version "0.7.2"
  resolved "https://registry.yarnpkg.com/ms/-/ms-0.7.2.tgz#ae25cf2512b3885a1d95d7f037868d8431124765"

object-assign@^4.0.1:
  version "4.1.0"
  resolved "https://registry.yarnpkg.com/object-assign/-/object-assign-4.1.0.tgz#7a3b3d0e98063d43f4c03f2e8ae6cd51a86883a0"

promise@^7.0.3:
  version "7.1.1"
  resolved "https://registry.yarnpkg.com/promise/-/promise-7.1.1.tgz#489654c692616b8aa55b0724fa809bb7db49c5bf"
  dependencies:
    asap "~2.0.3"

react-helmet@^3.3.0:
  version "3.3.0"
  resolved "https://registry.yarnpkg.com/react-helmet/-/react-helmet-3.3.0.tgz#419933e7ce5a75d04aab3fefe77169eed8e55646"
  dependencies:
    deep-equal "1.0.1"
    object-assign "^4.0.1"
    react-side-effect "1.0.2"

react-side-effect@1.0.2:
  version "1.0.2"
  resolved "https://registry.yarnpkg.com/react-side-effect/-/react-side-effect-1.0.2.tgz#98e354decdbf0281e4223d87852d33e345eda561"
  dependencies:
    fbjs "0.1.0-alpha.10"

serialize-javascript@^1.3.0:
  version "1.3.0"
  resolved "https://registry.yarnpkg.com/serialize-javascript/-/serialize-javascript-1.3.0.tgz#86a4f3752f5c7e47295449b0bbb63d64ba533f05"

whatwg-fetch@^0.9.0:
  version "0.9.0"
  resolved "https://registry.yarnpkg.com/whatwg-fetch/-/whatwg-fetch-0.9.0.tgz#0e3684c6cb9995b43efc9df03e4c365d95fd9cc0"
